
Microsoft Visual Studio Solution File, Format Version 12.00
# Visual Studio 15
VisualStudioVersion = 15.0.27703.2042
MinimumVisualStudioVersion = 10.0.40219.1
Project("{9A19103F-16F7-4668-BE54-9A1E7A4F7556}") = "OChamado.API", "OChamado.API\OChamado.API.csproj", "{FBED45FB-B257-4054-8EC3-30473D055B3C}"
EndProject
Project("{9A19103F-16F7-4668-BE54-9A1E7A4F7556}") = "OChamado.Web", "OChamado.Web\OChamado.Web.csproj", "{F319ED00-3242-482E-B355-886D4BE70142}"
EndProject
Global
	GlobalSection(SolutionConfigurationPlatforms) = preSolution
		Debug|Any CPU = Debug|Any CPU
		Release|Any CPU = Release|Any CPU
	EndGlobalSection
	GlobalSection(ProjectConfigurationPlatforms) = postSolution
		{FBED45FB-B257-4054-8EC3-30473D055B3C}.Debug|Any CPU.ActiveCfg = Debug|Any CPU
		{FBED45FB-B257-4054-8EC3-30473D055B3C}.Debug|Any CPU.Build.0 = Debug|Any CPU
		{FBED45FB-B257-4054-8EC3-30473D055B3C}.Release|Any CPU.ActiveCfg = Release|Any CPU
		{FBED45FB-B257-4054-8EC3-30473D055B3C}.Release|Any CPU.Build.0 = Release|Any CPU
		{F319ED00-3242-482E-B355-886D4BE70142}.Debug|Any CPU.ActiveCfg = Debug|Any CPU
		{F319ED00-3242-482E-B355-886D4BE70142}.Debug|Any CPU.Build.0 = Debug|Any CPU
		{F319ED00-3242-482E-B355-886D4BE70142}.Release|Any CPU.ActiveCfg = Release|Any CPU
		{F319ED00-3242-482E-B355-886D4BE70142}.Release|Any CPU.Build.0 = Release|Any CPU
	EndGlobalSection
	GlobalSection(SolutionProperties) = preSolution
		HideSolutionNode = FALSE
	EndGlobalSection
	GlobalSection(ExtensibilityGlobals) = postSolution
		SolutionGuid = {1526F5BD-3BF4-44A0-A556-5400D1A5CEBF}
	EndGlobalSection
EndGlobal
